
Microsoft Visual Studio Solution File, Format Version 12.00
# Visual Studio Version 17
VisualStudioVersion = 17.4.33213.308
MinimumVisualStudioVersion = 10.0.40219.1
Project("{9A19103F-16F7-4668-BE54-9A1E7A4F7556}") = "Church.Web", "Church.Web\Church.Web.csproj", "{721C297A-AC28-4FE8-A1AF-5AA3397E7A14}"
EndProject
Project("{2150E333-8FDC-42A3-9474-1A3956D46DE8}") = "Contexts", "Contexts", "{C1F7C09B-3CF8-43D3-A99A-3B31CAE6AF17}"
EndProject
Project("{9A19103F-16F7-4668-BE54-9A1E7A4F7556}") = "Church.Contexts.SharedContext", "Church.Contexts.SharedContext\Church.Contexts.SharedContext.csproj", "{D863472C-7176-44E4-8262-B000342BAE4C}"
EndProject
Project("{9A19103F-16F7-4668-BE54-9A1E7A4F7556}") = "Church.Contexts.AccountContext", "Church.Contexts.AccountContext\Church.Contexts.AccountContext.csproj", "{AB4F6A12-4691-45C3-8A28-7D4606F1DC9E}"
EndProject
Project("{9A19103F-16F7-4668-BE54-9A1E7A4F7556}") = "Church.Contexts.PersonContext", "Church.Contexts.PersonContext\Church.Contexts.PersonContext.csproj", "{652BA9C8-2D47-42C0-92DD-EA5EA97F8EAE}"
EndProject
Project("{9A19103F-16F7-4668-BE54-9A1E7A4F7556}") = "Church.Data", "Church.Data\Church.Data.csproj", "{EAF2F2B7-7897-485D-AEE8-DB970FEAAEC1}"
EndProject
Project("{9A19103F-16F7-4668-BE54-9A1E7A4F7556}") = "Church.API", "Church.API\Church.API.csproj", "{3EC6C8A6-3782-410C-912E-38B4C4B019F0}"
EndProject
Project("{2150E333-8FDC-42A3-9474-1A3956D46DE8}") = "Services", "Services", "{6D5671AF-FC50-4D91-8BBF-9BE340A8B565}"
EndProject
Project("{9A19103F-16F7-4668-BE54-9A1E7A4F7556}") = "Church.Services.Google", "Church.Services.Google\Church.Services.Google.csproj", "{B84BA088-440C-40F0-A522-00FC2FC1CEC9}"
EndProject
Project("{2150E333-8FDC-42A3-9474-1A3956D46DE8}") = "Interfaces", "Interfaces", "{45688D01-0C00-461A-845E-CD1FF5090442}"
EndProject
Project("{2150E333-8FDC-42A3-9474-1A3956D46DE8}") = "Data", "Data", "{DE9C263F-8E53-4386-97B1-90A584E6A4C9}"
EndProject
Project("{2150E333-8FDC-42A3-9474-1A3956D46DE8}") = "Tests", "Tests", "{9070DD03-123B-45C2-99A8-BC3D71E017A8}"
EndProject
Project("{9A19103F-16F7-4668-BE54-9A1E7A4F7556}") = "UTests", "UTests\UTests.csproj", "{611ACE4E-5F5A-4295-A94E-C0E69541FA08}"
EndProject
Project("{9A19103F-16F7-4668-BE54-9A1E7A4F7556}") = "Church.Contexts.MemberContext", "Church.Contexts.MemberContext\Church.Contexts.MemberContext.csproj", "{34A0D3E1-8CA7-4F77-8828-A5FB05A5BFA3}"
EndProject
Project("{FAE04EC0-301F-11D3-BF4B-00C04F79EFBC}") = "Church.Contexts.AdmContext", "Church.Contexts.AdmContext\Church.Contexts.AdmContext.csproj", "{10656E7F-552B-4A1D-B2BD-D42DC38F5F2A}"
EndProject
Global
	GlobalSection(SolutionConfigurationPlatforms) = preSolution
		Debug|Any CPU = Debug|Any CPU
		Release|Any CPU = Release|Any CPU
	EndGlobalSection
	GlobalSection(ProjectConfigurationPlatforms) = postSolution
		{721C297A-AC28-4FE8-A1AF-5AA3397E7A14}.Debug|Any CPU.ActiveCfg = Debug|Any CPU
		{721C297A-AC28-4FE8-A1AF-5AA3397E7A14}.Debug|Any CPU.Build.0 = Debug|Any CPU
		{721C297A-AC28-4FE8-A1AF-5AA3397E7A14}.Release|Any CPU.ActiveCfg = Release|Any CPU
		{721C297A-AC28-4FE8-A1AF-5AA3397E7A14}.Release|Any CPU.Build.0 = Release|Any CPU
		{D863472C-7176-44E4-8262-B000342BAE4C}.Debug|Any CPU.ActiveCfg = Debug|Any CPU
		{D863472C-7176-44E4-8262-B000342BAE4C}.Debug|Any CPU.Build.0 = Debug|Any CPU
		{D863472C-7176-44E4-8262-B000342BAE4C}.Release|Any CPU.ActiveCfg = Release|Any CPU
		{D863472C-7176-44E4-8262-B000342BAE4C}.Release|Any CPU.Build.0 = Release|Any CPU
		{AB4F6A12-4691-45C3-8A28-7D4606F1DC9E}.Debug|Any CPU.ActiveCfg = Debug|Any CPU
		{AB4F6A12-4691-45C3-8A28-7D4606F1DC9E}.Debug|Any CPU.Build.0 = Debug|Any CPU
		{AB4F6A12-4691-45C3-8A28-7D4606F1DC9E}.Release|Any CPU.ActiveCfg = Release|Any CPU
		{AB4F6A12-4691-45C3-8A28-7D4606F1DC9E}.Release|Any CPU.Build.0 = Release|Any CPU
		{652BA9C8-2D47-42C0-92DD-EA5EA97F8EAE}.Debug|Any CPU.ActiveCfg = Debug|Any CPU
		{652BA9C8-2D47-42C0-92DD-EA5EA97F8EAE}.Debug|Any CPU.Build.0 = Debug|Any CPU
		{652BA9C8-2D47-42C0-92DD-EA5EA97F8EAE}.Release|Any CPU.ActiveCfg = Release|Any CPU
		{652BA9C8-2D47-42C0-92DD-EA5EA97F8EAE}.Release|Any CPU.Build.0 = Release|Any CPU
		{EAF2F2B7-7897-485D-AEE8-DB970FEAAEC1}.Debug|Any CPU.ActiveCfg = Debug|Any CPU
		{EAF2F2B7-7897-485D-AEE8-DB970FEAAEC1}.Debug|Any CPU.Build.0 = Debug|Any CPU
		{EAF2F2B7-7897-485D-AEE8-DB970FEAAEC1}.Release|Any CPU.ActiveCfg = Release|Any CPU
		{EAF2F2B7-7897-485D-AEE8-DB970FEAAEC1}.Release|Any CPU.Build.0 = Release|Any CPU
		{3EC6C8A6-3782-410C-912E-38B4C4B019F0}.Debug|Any CPU.ActiveCfg = Debug|Any CPU
		{3EC6C8A6-3782-410C-912E-38B4C4B019F0}.Debug|Any CPU.Build.0 = Debug|Any CPU
		{3EC6C8A6-3782-410C-912E-38B4C4B019F0}.Release|Any CPU.ActiveCfg = Release|Any CPU
		{3EC6C8A6-3782-410C-912E-38B4C4B019F0}.Release|Any CPU.Build.0 = Release|Any CPU
		{B84BA088-440C-40F0-A522-00FC2FC1CEC9}.Debug|Any CPU.ActiveCfg = Debug|Any CPU
		{B84BA088-440C-40F0-A522-00FC2FC1CEC9}.Debug|Any CPU.Build.0 = Debug|Any CPU
		{B84BA088-440C-40F0-A522-00FC2FC1CEC9}.Release|Any CPU.ActiveCfg = Release|Any CPU
		{B84BA088-440C-40F0-A522-00FC2FC1CEC9}.Release|Any CPU.Build.0 = Release|Any CPU
		{611ACE4E-5F5A-4295-A94E-C0E69541FA08}.Debug|Any CPU.ActiveCfg = Debug|Any CPU
		{611ACE4E-5F5A-4295-A94E-C0E69541FA08}.Debug|Any CPU.Build.0 = Debug|Any CPU
		{611ACE4E-5F5A-4295-A94E-C0E69541FA08}.Release|Any CPU.ActiveCfg = Release|Any CPU
		{611ACE4E-5F5A-4295-A94E-C0E69541FA08}.Release|Any CPU.Build.0 = Release|Any CPU
		{34A0D3E1-8CA7-4F77-8828-A5FB05A5BFA3}.Debug|Any CPU.ActiveCfg = Debug|Any CPU
		{34A0D3E1-8CA7-4F77-8828-A5FB05A5BFA3}.Debug|Any CPU.Build.0 = Debug|Any CPU
		{34A0D3E1-8CA7-4F77-8828-A5FB05A5BFA3}.Release|Any CPU.ActiveCfg = Release|Any CPU
		{34A0D3E1-8CA7-4F77-8828-A5FB05A5BFA3}.Release|Any CPU.Build.0 = Release|Any CPU
		{10656E7F-552B-4A1D-B2BD-D42DC38F5F2A}.Debug|Any CPU.ActiveCfg = Debug|Any CPU
		{10656E7F-552B-4A1D-B2BD-D42DC38F5F2A}.Debug|Any CPU.Build.0 = Debug|Any CPU
		{10656E7F-552B-4A1D-B2BD-D42DC38F5F2A}.Release|Any CPU.ActiveCfg = Release|Any CPU
		{10656E7F-552B-4A1D-B2BD-D42DC38F5F2A}.Release|Any CPU.Build.0 = Release|Any CPU
	EndGlobalSection
	GlobalSection(SolutionProperties) = preSolution
		HideSolutionNode = FALSE
	EndGlobalSection
	GlobalSection(NestedProjects) = preSolution
		{721C297A-AC28-4FE8-A1AF-5AA3397E7A14} = {45688D01-0C00-461A-845E-CD1FF5090442}
		{D863472C-7176-44E4-8262-B000342BAE4C} = {C1F7C09B-3CF8-43D3-A99A-3B31CAE6AF17}
		{AB4F6A12-4691-45C3-8A28-7D4606F1DC9E} = {C1F7C09B-3CF8-43D3-A99A-3B31CAE6AF17}
		{652BA9C8-2D47-42C0-92DD-EA5EA97F8EAE} = {C1F7C09B-3CF8-43D3-A99A-3B31CAE6AF17}
		{EAF2F2B7-7897-485D-AEE8-DB970FEAAEC1} = {DE9C263F-8E53-4386-97B1-90A584E6A4C9}
		{3EC6C8A6-3782-410C-912E-38B4C4B019F0} = {45688D01-0C00-461A-845E-CD1FF5090442}
		{B84BA088-440C-40F0-A522-00FC2FC1CEC9} = {6D5671AF-FC50-4D91-8BBF-9BE340A8B565}
		{611ACE4E-5F5A-4295-A94E-C0E69541FA08} = {9070DD03-123B-45C2-99A8-BC3D71E017A8}
		{34A0D3E1-8CA7-4F77-8828-A5FB05A5BFA3} = {C1F7C09B-3CF8-43D3-A99A-3B31CAE6AF17}
		{10656E7F-552B-4A1D-B2BD-D42DC38F5F2A} = {C1F7C09B-3CF8-43D3-A99A-3B31CAE6AF17}
	EndGlobalSection
	GlobalSection(ExtensibilityGlobals) = postSolution
		SolutionGuid = {8113D8CB-094C-4281-A4B5-A439656DA4D8}
	EndGlobalSection
EndGlobal
